
Microsoft Visual Studio Solution File, Format Version 12.00
# Visual Studio Version 16
VisualStudioVersion = 16.0.31624.102
MinimumVisualStudioVersion = 10.0.40219.1
Project("{FAE04EC0-301F-11D3-BF4B-00C04F79EFBC}") = "CustomerAPI", "CustomerAPI.csproj", "{86380CFD-4FBE-494E-ADF3-0F1EF7C3A6E3}"
EndProject
Global
	GlobalSection(SolutionConfigurationPlatforms) = preSolution
		Debug|Any CPU = Debug|Any CPU
		Release|Any CPU = Release|Any CPU
	EndGlobalSection
	GlobalSection(ProjectConfigurationPlatforms) = postSolution
		{86380CFD-4FBE-494E-ADF3-0F1EF7C3A6E3}.Debug|Any CPU.ActiveCfg = Debug|Any CPU
		{86380CFD-4FBE-494E-ADF3-0F1EF7C3A6E3}.Debug|Any CPU.Build.0 = Debug|Any CPU
		{86380CFD-4FBE-494E-ADF3-0F1EF7C3A6E3}.Release|Any CPU.ActiveCfg = Release|Any CPU
		{86380CFD-4FBE-494E-ADF3-0F1EF7C3A6E3}.Release|Any CPU.Build.0 = Release|Any CPU
	EndGlobalSection
	GlobalSection(SolutionProperties) = preSolution
		HideSolutionNode = FALSE
	EndGlobalSection
	GlobalSection(ExtensibilityGlobals) = postSolution
		SolutionGuid = {5942773F-F672-461C-BC6F-E7FF7FAFE8EB}
	EndGlobalSection
EndGlobal
